
Microsoft Visual Studio Solution File, Format Version 12.00
# Visual Studio Version 17
VisualStudioVersion = 17.7.34202.233
MinimumVisualStudioVersion = 10.0.40219.1
Project("{8BC9CEB8-8B4A-11D0-8D11-00A0C91BC942}") = "Pointer", "Pointer\Pointer.vcxproj", "{89CD3F47-5CF7-4DB3-A303-CCAEE05A5BAB}"
EndProject
Global
	GlobalSection(SolutionConfigurationPlatforms) = preSolution
		Debug|x64 = Debug|x64
		Debug|x86 = Debug|x86
		Release|x64 = Release|x64
		Release|x86 = Release|x86
	EndGlobalSection
	GlobalSection(ProjectConfigurationPlatforms) = postSolution
		{89CD3F47-5CF7-4DB3-A303-CCAEE05A5BAB}.Debug|x64.ActiveCfg = Debug|x64
		{89CD3F47-5CF7-4DB3-A303-CCAEE05A5BAB}.Debug|x64.Build.0 = Debug|x64
		{89CD3F47-5CF7-4DB3-A303-CCAEE05A5BAB}.Debug|x86.ActiveCfg = Debug|Win32
		{89CD3F47-5CF7-4DB3-A303-CCAEE05A5BAB}.Debug|x86.Build.0 = Debug|Win32
		{89CD3F47-5CF7-4DB3-A303-CCAEE05A5BAB}.Release|x64.ActiveCfg = Release|x64
		{89CD3F47-5CF7-4DB3-A303-CCAEE05A5BAB}.Release|x64.Build.0 = Release|x64
		{89CD3F47-5CF7-4DB3-A303-CCAEE05A5BAB}.Release|x86.ActiveCfg = Release|Win32
		{89CD3F47-5CF7-4DB3-A303-CCAEE05A5BAB}.Release|x86.Build.0 = Release|Win32
	EndGlobalSection
	GlobalSection(SolutionProperties) = preSolution
		HideSolutionNode = FALSE
	EndGlobalSection
	GlobalSection(ExtensibilityGlobals) = postSolution
		SolutionGuid = {02BF6667-ED8A-4FD3-97AC-5E555427BD04}
	EndGlobalSection
EndGlobal
