
Microsoft Visual Studio Solution File, Format Version 12.00
# Visual Studio Version 17
VisualStudioVersion = 17.7.34202.233
MinimumVisualStudioVersion = 10.0.40219.1
Project("{8BC9CEB8-8B4A-11D0-8D11-00A0C91BC942}") = "Address Book with double Pointer", "Address Book with double Pointer\Address Book with double Pointer.vcxproj", "{4E957C79-B817-4EF2-88C3-F08CE80C1B50}"
EndProject
Global
	GlobalSection(SolutionConfigurationPlatforms) = preSolution
		Debug|x64 = Debug|x64
		Debug|x86 = Debug|x86
		Release|x64 = Release|x64
		Release|x86 = Release|x86
	EndGlobalSection
	GlobalSection(ProjectConfigurationPlatforms) = postSolution
		{4E957C79-B817-4EF2-88C3-F08CE80C1B50}.Debug|x64.ActiveCfg = Debug|x64
		{4E957C79-B817-4EF2-88C3-F08CE80C1B50}.Debug|x64.Build.0 = Debug|x64
		{4E957C79-B817-4EF2-88C3-F08CE80C1B50}.Debug|x86.ActiveCfg = Debug|Win32
		{4E957C79-B817-4EF2-88C3-F08CE80C1B50}.Debug|x86.Build.0 = Debug|Win32
		{4E957C79-B817-4EF2-88C3-F08CE80C1B50}.Release|x64.ActiveCfg = Release|x64
		{4E957C79-B817-4EF2-88C3-F08CE80C1B50}.Release|x64.Build.0 = Release|x64
		{4E957C79-B817-4EF2-88C3-F08CE80C1B50}.Release|x86.ActiveCfg = Release|Win32
		{4E957C79-B817-4EF2-88C3-F08CE80C1B50}.Release|x86.Build.0 = Release|Win32
	EndGlobalSection
	GlobalSection(SolutionProperties) = preSolution
		HideSolutionNode = FALSE
	EndGlobalSection
	GlobalSection(ExtensibilityGlobals) = postSolution
		SolutionGuid = {500FCD9C-E1DC-4A66-8E49-B746BC8536FA}
	EndGlobalSection
EndGlobal
