
Microsoft Visual Studio Solution File, Format Version 12.00
# Visual Studio Version 17
VisualStudioVersion = 17.2.32630.192
MinimumVisualStudioVersion = 10.0.40219.1
Project("{8BC9CEB8-8B4A-11D0-8D11-00A0C91BC942}") = "cp2023-08-25", "cp2023-08-25\cp2023-08-25.vcxproj", "{93020FDF-D884-4C46-9F47-54A37082E5D9}"
EndProject
Global
	GlobalSection(SolutionConfigurationPlatforms) = preSolution
		Debug|x64 = Debug|x64
		Debug|x86 = Debug|x86
		Release|x64 = Release|x64
		Release|x86 = Release|x86
	EndGlobalSection
	GlobalSection(ProjectConfigurationPlatforms) = postSolution
		{93020FDF-D884-4C46-9F47-54A37082E5D9}.Debug|x64.ActiveCfg = Debug|x64
		{93020FDF-D884-4C46-9F47-54A37082E5D9}.Debug|x64.Build.0 = Debug|x64
		{93020FDF-D884-4C46-9F47-54A37082E5D9}.Debug|x86.ActiveCfg = Debug|Win32
		{93020FDF-D884-4C46-9F47-54A37082E5D9}.Debug|x86.Build.0 = Debug|Win32
		{93020FDF-D884-4C46-9F47-54A37082E5D9}.Release|x64.ActiveCfg = Release|x64
		{93020FDF-D884-4C46-9F47-54A37082E5D9}.Release|x64.Build.0 = Release|x64
		{93020FDF-D884-4C46-9F47-54A37082E5D9}.Release|x86.ActiveCfg = Release|Win32
		{93020FDF-D884-4C46-9F47-54A37082E5D9}.Release|x86.Build.0 = Release|Win32
	EndGlobalSection
	GlobalSection(SolutionProperties) = preSolution
		HideSolutionNode = FALSE
	EndGlobalSection
	GlobalSection(ExtensibilityGlobals) = postSolution
		SolutionGuid = {3E0D5737-0023-4A71-A0AD-F064DDD8E23A}
	EndGlobalSection
EndGlobal
